
Microsoft Visual Studio Solution File, Format Version 12.00
# Visual Studio 15
VisualStudioVersion = 15.0.27428.2027
MinimumVisualStudioVersion = 10.0.40219.1
Project("{FAE04EC0-301F-11D3-BF4B-00C04F79EFBC}") = "tec_toc_tec", "tec_toc_tec\tec_toc_tec.csproj", "{FB5CC4C8-193A-4A9A-B470-394302753D65}"
EndProject
Project("{54435603-DBB4-11D2-8724-00A0C9A8B90C}") = "Tic Tac Game", "Tic Tac Game\Tic Tac Game.vdproj", "{4F258F41-A438-49A2-9613-1862AC33D0F0}"
EndProject
Global
	GlobalSection(SolutionConfigurationPlatforms) = preSolution
		Debug|Any CPU = Debug|Any CPU
		Release|Any CPU = Release|Any CPU
	EndGlobalSection
	GlobalSection(ProjectConfigurationPlatforms) = postSolution
		{FB5CC4C8-193A-4A9A-B470-394302753D65}.Debug|Any CPU.ActiveCfg = Debug|Any CPU
		{FB5CC4C8-193A-4A9A-B470-394302753D65}.Debug|Any CPU.Build.0 = Debug|Any CPU
		{FB5CC4C8-193A-4A9A-B470-394302753D65}.Release|Any CPU.ActiveCfg = Release|Any CPU
		{FB5CC4C8-193A-4A9A-B470-394302753D65}.Release|Any CPU.Build.0 = Release|Any CPU
		{4F258F41-A438-49A2-9613-1862AC33D0F0}.Debug|Any CPU.ActiveCfg = Debug
		{4F258F41-A438-49A2-9613-1862AC33D0F0}.Release|Any CPU.ActiveCfg = Release
	EndGlobalSection
	GlobalSection(SolutionProperties) = preSolution
		HideSolutionNode = FALSE
	EndGlobalSection
	GlobalSection(ExtensibilityGlobals) = postSolution
		SolutionGuid = {5C1C36C4-0E14-415D-8807-F870EAEE1239}
	EndGlobalSection
EndGlobal
